
Microsoft Visual Studio Solution File, Format Version 12.00
# Visual Studio Version 17
VisualStudioVersion = 17.0.32112.339
MinimumVisualStudioVersion = 10.0.40219.1
Project("{2150E333-8FDC-42A3-9474-1A3956D46DE8}") = "Services", "Services", "{A6AD6B51-7CD1-4D80-A51F-391277EA30BE}"
EndProject
Project("{2150E333-8FDC-42A3-9474-1A3956D46DE8}") = "Catalog", "Catalog", "{85A58342-E147-4E5B-B864-EBBD3634452C}"
EndProject
Project("{FAE04EC0-301F-11D3-BF4B-00C04F79EFBC}") = "Catalog.API", "Services\Catalog\Catalog.API\Catalog.API.csproj", "{CFB99510-3C43-4454-9663-67F7FEAC5888}"
EndProject
Global
	GlobalSection(SolutionConfigurationPlatforms) = preSolution
		Debug|Any CPU = Debug|Any CPU
		Release|Any CPU = Release|Any CPU
	EndGlobalSection
	GlobalSection(ProjectConfigurationPlatforms) = postSolution
		{CFB99510-3C43-4454-9663-67F7FEAC5888}.Debug|Any CPU.ActiveCfg = Debug|Any CPU
		{CFB99510-3C43-4454-9663-67F7FEAC5888}.Debug|Any CPU.Build.0 = Debug|Any CPU
		{CFB99510-3C43-4454-9663-67F7FEAC5888}.Release|Any CPU.ActiveCfg = Release|Any CPU
		{CFB99510-3C43-4454-9663-67F7FEAC5888}.Release|Any CPU.Build.0 = Release|Any CPU
	EndGlobalSection
	GlobalSection(SolutionProperties) = preSolution
		HideSolutionNode = FALSE
	EndGlobalSection
	GlobalSection(NestedProjects) = preSolution
		{85A58342-E147-4E5B-B864-EBBD3634452C} = {A6AD6B51-7CD1-4D80-A51F-391277EA30BE}
		{CFB99510-3C43-4454-9663-67F7FEAC5888} = {85A58342-E147-4E5B-B864-EBBD3634452C}
	EndGlobalSection
	GlobalSection(ExtensibilityGlobals) = postSolution
		SolutionGuid = {F4953EF6-457E-4309-8EC8-8CB124ECEF5A}
	EndGlobalSection
EndGlobal
